<?xml version="1.0" encoding="utf-8"?>
<Project ToolsVersion="4.0" xmlns="http://schemas.microsoft.com/developer/msbuild/2003">
  <ItemGroup>
    <Filter Include="Source Files">
      <UniqueIdentifier>{4FC737F1-C7A5-4376-A066-2A32D752A2FF}</UniqueIdentifier>
      <Extensions>cpp;c;cc;cxx;c++;cppm;ixx;def;odl;idl;hpj;bat;asm;asmx</Extensions>
    </Filter>
    <Filter Include="Header Files">
      <UniqueIdentifier>{93995380-89BD-4b04-88EB-625FBE52EBFB}</UniqueIdentifier>
      <Extensions>h;hh;hpp;hxx;h++;hm;inl;inc;ipp;xsd</Extensions>
    </Filter>
    <Filter Include="Resource Files">
      <UniqueIdentifier>{67DA6AB6-F800-4c08-8B7A-83BB121AAD01}</UniqueIdentifier>
      <Extensions>rc;ico;cur;bmp;dlg;rc2;rct;bin;rgs;gif;jpg;jpeg;jpe;resx;tiff;tif;png;wav;mfcribbon-ms</Extensions>
    </Filter>
    <Filter Include="Header Files\Components">
      <UniqueIdentifier>{730d6d44-72db-4e7c-897e-62006d463ae5}</UniqueIdentifier>
    </Filter>
    <Filter Include="Header Files\Systems">
      <UniqueIdentifier>{e400c704-cbca-4249-8853-e460a0a09737}</UniqueIdentifier>
    </Filter>
    <Filter Include="Header Files\ScriptNodes">
      <UniqueIdentifier>{057132d1-3ec9-49ab-9a1b-eb2b24c9d195}</UniqueIdentifier>
    </Filter>
    <Filter Include="Source Files\Systems">
      <UniqueIdentifier>{f3eb3ba9-d2c2-43f0-8da7-4bf1a73dcc13}</UniqueIdentifier>
    </Filter>
  </ItemGroup>
  <ItemGroup>
    <ClInclude Include="ScriptNodes.h">
      <Filter>Header Files</Filter>
    </ClInclude>
    <ClInclude Include="SystemContexts.h">
      <Filter>Header Files</Filter>
    </ClInclude>
    <ClInclude Include="Components\Physics.h">
      <Filter>Header Files\Components</Filter>
    </ClInclude>
    <ClInclude Include="Components\Player.h">
      <Filter>Header Files\Components</Filter>
    </ClInclude>
    <ClInclude Include="Systems\Physics.h">
      <Filter>Header Files\Systems</Filter>
    </ClInclude>
    <ClInclude Include="Systems\Player.h">
      <Filter>Header Files\Systems</Filter>
    </ClInclude>
    <ClInclude Include="ScriptNodes\Physics.h">
      <Filter>Header Files\ScriptNodes</Filter>
    </ClInclude>
    <ClInclude Include="ScriptNodes\Player.h">
      <Filter>Header Files\ScriptNodes</Filter>
    </ClInclude>
    <ClInclude Include="Components\Camera.h">
      <Filter>Header Files\Components</Filter>
    </ClInclude>
    <ClInclude Include="ScriptNodes\Camera.h">
      <Filter>Header Files\ScriptNodes</Filter>
    </ClInclude>
    <ClInclude Include="ScriptNodes\CameraImpl.h">
      <Filter>Header Files\ScriptNodes</Filter>
    </ClInclude>
    <ClInclude Include="Systems\Camera.h">
      <Filter>Header Files\Systems</Filter>
    </ClInclude>
    <ClInclude Include="ScriptNodes\PhysicsImpl.h">
      <Filter>Header Files\ScriptNodes</Filter>
    </ClInclude>
    <ClInclude Include="ScriptNodes\PlayerImpl.h">
      <Filter>Header Files\ScriptNodes</Filter>
    </ClInclude>
    <ClInclude Include="Components\Spawner.h">
      <Filter>Header Files\Components</Filter>
    </ClInclude>
    <ClInclude Include="Components\Team.h">
      <Filter>Header Files\Components</Filter>
    </ClInclude>
  </ItemGroup>
  <ItemGroup>
    <ClCompile Include="ScriptNodes.cpp">
      <Filter>Source Files</Filter>
    </ClCompile>
    <ClCompile Include="Systems\Physics.cpp">
      <Filter>Source Files\Systems</Filter>
    </ClCompile>
    <ClCompile Include="Systems\Player.cpp">
      <Filter>Source Files\Systems</Filter>
    </ClCompile>
    <ClCompile Include="Systems\Camera.cpp">
      <Filter>Source Files\Systems</Filter>
    </ClCompile>
  </ItemGroup>
</Project>