<?xml version="1.0" encoding="utf-8"?>
<Project ToolsVersion="4.0" xmlns="http://schemas.microsoft.com/developer/msbuild/2003">
  <ItemGroup>
    <Filter Include="Source Files">
      <UniqueIdentifier>{4FC737F1-C7A5-4376-A066-2A32D752A2FF}</UniqueIdentifier>
      <Extensions>cpp;c;cc;cxx;c++;cppm;ixx;def;odl;idl;hpj;bat;asm;asmx</Extensions>
    </Filter>
    <Filter Include="Header Files">
      <UniqueIdentifier>{93995380-89BD-4b04-88EB-625FBE52EBFB}</UniqueIdentifier>
      <Extensions>h;hh;hpp;hxx;h++;hm;inl;inc;ipp;xsd</Extensions>
    </Filter>
    <Filter Include="Resource Files">
      <UniqueIdentifier>{67DA6AB6-F800-4c08-8B7A-83BB121AAD01}</UniqueIdentifier>
      <Extensions>rc;ico;cur;bmp;dlg;rc2;rct;bin;rgs;gif;jpg;jpeg;jpe;resx;tiff;tif;png;wav;mfcribbon-ms</Extensions>
    </Filter>
    <Filter Include="Header Files\LowLevel">
      <UniqueIdentifier>{e282e907-5c4b-467c-97fd-831d60ae38a4}</UniqueIdentifier>
    </Filter>
    <Filter Include="Header Files\Graphics">
      <UniqueIdentifier>{aaa157a7-a8a1-436e-92c4-b89f297a5ed1}</UniqueIdentifier>
    </Filter>
    <Filter Include="Header Files\BjSON">
      <UniqueIdentifier>{1dcc1077-62a2-4a83-9723-c39223ccb8f5}</UniqueIdentifier>
    </Filter>
    <Filter Include="Header Files\LowLevel\Impl">
      <UniqueIdentifier>{8f3dfe10-ca86-4ee6-837b-9dae6bb1294c}</UniqueIdentifier>
    </Filter>
    <Filter Include="Source Files\LowLevel">
      <UniqueIdentifier>{0722f0b1-5e79-48c7-a08a-79b5ffd18f70}</UniqueIdentifier>
    </Filter>
    <Filter Include="Source Files\LowLevel\Impl">
      <UniqueIdentifier>{0e07b69d-aeaa-457e-acb3-4f09b4514202}</UniqueIdentifier>
    </Filter>
    <Filter Include="Header Files\ECS">
      <UniqueIdentifier>{2a594d3c-0ae6-4235-8a13-1a6f83d0a8d0}</UniqueIdentifier>
    </Filter>
    <Filter Include="Source Files\ECS">
      <UniqueIdentifier>{af7d6d9a-d917-4b13-a048-f91819b38866}</UniqueIdentifier>
    </Filter>
    <Filter Include="Header Files\Editor">
      <UniqueIdentifier>{cbc9785c-9bc2-426c-a357-29d16150bbcc}</UniqueIdentifier>
    </Filter>
    <Filter Include="Header Files\External">
      <UniqueIdentifier>{4824d0de-0015-46a3-a808-bb0aba082d3e}</UniqueIdentifier>
    </Filter>
    <Filter Include="Header Files\External\imnodes">
      <UniqueIdentifier>{a24521a7-234f-41a9-b3c1-ae0b87d4632b}</UniqueIdentifier>
    </Filter>
    <Filter Include="Source Files\External">
      <UniqueIdentifier>{ba6be318-2c33-4ee0-913e-28fc1a3f83c9}</UniqueIdentifier>
    </Filter>
    <Filter Include="Source Files\External\imnodes">
      <UniqueIdentifier>{f151e4c4-2778-4511-972b-b2173c851a67}</UniqueIdentifier>
    </Filter>
    <Filter Include="Source Files\Graphics">
      <UniqueIdentifier>{ccc1854a-33ac-40d9-ae4e-ce740708639f}</UniqueIdentifier>
    </Filter>
    <Filter Include="Resource Files\Shaders">
      <UniqueIdentifier>{71f7cd25-db0c-423d-bbd1-43aef786a861}</UniqueIdentifier>
    </Filter>
    <Filter Include="Header Files\ECS\Modules">
      <UniqueIdentifier>{5723e3da-7001-450c-8908-e8c752aae354}</UniqueIdentifier>
    </Filter>
    <Filter Include="Source Files\ECS\Modules">
      <UniqueIdentifier>{da18949e-a3d2-430e-80dd-b3203835cbad}</UniqueIdentifier>
    </Filter>
  </ItemGroup>
  <ItemGroup>
    <ClCompile Include="Log.cpp">
      <Filter>Source Files</Filter>
    </ClCompile>
    <ClCompile Include="BjSON\BjSON.cpp">
      <Filter>Source Files</Filter>
    </ClCompile>
    <ClCompile Include="InputTypes.cpp">
      <Filter>Source Files</Filter>
    </ClCompile>
    <ClCompile Include="LowLevel\Impl\SDLWindowManager.cpp">
      <Filter>Source Files\LowLevel\Impl</Filter>
    </ClCompile>
    <ClCompile Include="LowLevel\LowLevelInterface.cpp">
      <Filter>Source Files\LowLevel</Filter>
    </ClCompile>
    <ClCompile Include="LowLevel\Impl\SDLInput.cpp">
      <Filter>Source Files\LowLevel\Impl</Filter>
    </ClCompile>
    <ClCompile Include="LowLevel\LowLevelInput.cpp">
      <Filter>Source Files\LowLevel</Filter>
    </ClCompile>
    <ClCompile Include="LowLevel\Impl\VulkanGraphicsContext.cpp">
      <Filter>Source Files\LowLevel\Impl</Filter>
    </ClCompile>
    <ClCompile Include="LowLevel\Impl\VulkanImplementations.cpp">
      <Filter>Source Files\LowLevel\Impl</Filter>
    </ClCompile>
    <ClCompile Include="ECS\Query.cpp">
      <Filter>Source Files\ECS</Filter>
    </ClCompile>
    <ClCompile Include="Assets.cpp">
      <Filter>Source Files</Filter>
    </ClCompile>
    <ClCompile Include="LowLevel\WindowManager.cpp">
      <Filter>Source Files\LowLevel</Filter>
    </ClCompile>
    <ClCompile Include="External\imnodes\imnodes.cpp">
      <Filter>Source Files\External\imnodes</Filter>
    </ClCompile>
    <ClCompile Include="External\stb_impl.cpp">
      <Filter>Source Files\External</Filter>
    </ClCompile>
    <ClCompile Include="Graphics\Shader.cpp">
      <Filter>Source Files\Graphics</Filter>
    </ClCompile>
    <ClCompile Include="Graphics\Texture.cpp">
      <Filter>Source Files\Graphics</Filter>
    </ClCompile>
    <ClCompile Include="Graphics\Camera.cpp">
      <Filter>Source Files\Graphics</Filter>
    </ClCompile>
    <ClCompile Include="ECS\Scene.cpp">
      <Filter>Source Files\ECS</Filter>
    </ClCompile>
    <ClCompile Include="ECS\Modules\CoreReflectors.cpp">
      <Filter>Source Files\ECS\Modules</Filter>
    </ClCompile>
    <ClCompile Include="ECS\Modules\CoreSystems.cpp">
      <Filter>Source Files\ECS\Modules</Filter>
    </ClCompile>
    <ClCompile Include="ECS\Modules\Graphics2DReflectors.cpp">
      <Filter>Source Files\ECS\Modules</Filter>
    </ClCompile>
    <ClCompile Include="ECS\Modules\Graphics2DSystems.cpp">
      <Filter>Source Files\ECS\Modules</Filter>
    </ClCompile>
    <ClCompile Include="Utils.cpp">
      <Filter>Source Files</Filter>
    </ClCompile>
    <ClCompile Include="ECS\World.cpp">
      <Filter>Source Files\ECS</Filter>
    </ClCompile>
  </ItemGroup>
  <ItemGroup>
    <ClInclude Include="Asserts.h">
      <Filter>Header Files</Filter>
    </ClInclude>
    <ClInclude Include="Log.h">
      <Filter>Header Files</Filter>
    </ClInclude>
    <ClInclude Include="Window.h">
      <Filter>Header Files</Filter>
    </ClInclude>
    <ClInclude Include="Graphics\FrameContext.h">
      <Filter>Header Files\Graphics</Filter>
    </ClInclude>
    <ClInclude Include="types.h">
      <Filter>Header Files</Filter>
    </ClInclude>
    <ClInclude Include="InputTypes.h">
      <Filter>Header Files</Filter>
    </ClInclude>
    <ClInclude Include="BjSON\BjSON.h">
      <Filter>Header Files\BjSON</Filter>
    </ClInclude>
    <ClInclude Include="BjSON\BjSON_impl.h">
      <Filter>Header Files\BjSON</Filter>
    </ClInclude>
    <ClInclude Include="LowLevel\LowLevelInput.h">
      <Filter>Header Files\LowLevel</Filter>
    </ClInclude>
    <ClInclude Include="LowLevel\LowLevelInterface.h">
      <Filter>Header Files\LowLevel</Filter>
    </ClInclude>
    <ClInclude Include="LowLevel\WindowManager.h">
      <Filter>Header Files\LowLevel</Filter>
    </ClInclude>
    <ClInclude Include="LowLevel\Impl\SDLWindowManager.h">
      <Filter>Header Files\LowLevel\Impl</Filter>
    </ClInclude>
    <ClInclude Include="LowLevel\Impl\SDLInput.h">
      <Filter>Header Files\LowLevel\Impl</Filter>
    </ClInclude>
    <ClInclude Include="LowLevel\Impl\VulkanGraphicsContext.h">
      <Filter>Header Files\LowLevel\Impl</Filter>
    </ClInclude>
    <ClInclude Include="Graphics\DeleteQueue.h">
      <Filter>Header Files\Graphics</Filter>
    </ClInclude>
    <ClInclude Include="Graphics\GraphicsContext.h">
      <Filter>Header Files\Graphics</Filter>
    </ClInclude>
    <ClInclude Include="LowLevel\Impl\VulkanDeleters.h">
      <Filter>Header Files\LowLevel\Impl</Filter>
    </ClInclude>
    <ClInclude Include="ECS\World.h">
      <Filter>Header Files\ECS</Filter>
    </ClInclude>
    <ClInclude Include="ECS\Query.h">
      <Filter>Header Files\ECS</Filter>
    </ClInclude>
    <ClInclude Include="ECS\System.h">
      <Filter>Header Files\ECS</Filter>
    </ClInclude>
    <ClInclude Include="ECS\CommandBuffer.h">
      <Filter>Header Files\ECS</Filter>
    </ClInclude>
    <ClInclude Include="ECS\SystemSet.h">
      <Filter>Header Files\ECS</Filter>
    </ClInclude>
    <ClInclude Include="Editor\Window.h">
      <Filter>Header Files\Editor</Filter>
    </ClInclude>
    <ClInclude Include="Editor\WindowImpl.h">
      <Filter>Header Files\Editor</Filter>
    </ClInclude>
    <ClInclude Include="Assets.h">
      <Filter>Header Files</Filter>
    </ClInclude>
    <ClInclude Include="External\imnodes\imnodes.h">
      <Filter>Header Files\External\imnodes</Filter>
    </ClInclude>
    <ClInclude Include="Graphics\Texture.h">
      <Filter>Header Files\Graphics</Filter>
    </ClInclude>
    <ClInclude Include="Graphics\GraphicsResource.h">
      <Filter>Header Files\Graphics</Filter>
    </ClInclude>
    <ClInclude Include="ECS\SystemContexts.h">
      <Filter>Header Files\ECS</Filter>
    </ClInclude>
    <ClInclude Include="Graphics\SpriteRenderer.h">
      <Filter>Header Files\Graphics</Filter>
    </ClInclude>
    <ClInclude Include="Graphics\Shader.h">
      <Filter>Header Files\Graphics</Filter>
    </ClInclude>
    <ClInclude Include="Graphics\RenderTarget.h">
      <Filter>Header Files\Graphics</Filter>
    </ClInclude>
    <ClInclude Include="ECS\Entity.h">
      <Filter>Header Files\ECS</Filter>
    </ClInclude>
    <ClInclude Include="Clock.h">
      <Filter>Header Files</Filter>
    </ClInclude>
    <ClInclude Include="Graphics\Camera.h">
      <Filter>Header Files\Graphics</Filter>
    </ClInclude>
    <ClInclude Include="ECS\Scene.h">
      <Filter>Header Files\ECS</Filter>
    </ClInclude>
    <ClInclude Include="ECS\ComponentReflector.h">
      <Filter>Header Files\ECS</Filter>
    </ClInclude>
    <ClInclude Include="ECS\Modules\Core.h">
      <Filter>Header Files\ECS\Modules</Filter>
    </ClInclude>
    <ClInclude Include="ECS\Modules\Graphics2D.h">
      <Filter>Header Files\ECS\Modules</Filter>
    </ClInclude>
    <ClInclude Include="Utils.h">
      <Filter>Header Files</Filter>
    </ClInclude>
    <ClInclude Include="Random.h">
      <Filter>Header Files</Filter>
    </ClInclude>
  </ItemGroup>
  <ItemGroup>
    <None Include="Graphics\Shaders\SpriteRenderer.vert">
      <Filter>Resource Files\Shaders</Filter>
    </None>
    <None Include="Graphics\Shaders\SpriteRenderer.frag">
      <Filter>Resource Files\Shaders</Filter>
    </None>
  </ItemGroup>
</Project>